// !$*UTF8*$!
{
	archiveVersion = 1;
	classes = {
	};
	objectVersion = 46;
	objects = {

/* Begin PBXBuildFile section */
		1F0F31231ED40D2F003029AD /* UserInfo.swift in Sources */ = {isa = PBXBuildFile; fileRef = 1F0F31221ED40D2F003029AD /* UserInfo.swift */; };
		1F0F313E1ED55CF4003029AD /* libsqlite3.tbd in Frameworks */ = {isa = PBXBuildFile; fileRef = 1F0F313D1ED55CF4003029AD /* libsqlite3.tbd */; };
		1F0F31421ED579B3003029AD /* TestViewController.m in Sources */ = {isa = PBXBuildFile; fileRef = 1F0F31411ED579B3003029AD /* TestViewController.m */; };
		1F0F31861ED671CA003029AD /* ModuleNetManager.swift in Sources */ = {isa = PBXBuildFile; fileRef = 1F0F31851ED671CA003029AD /* ModuleNetManager.swift */; };
		1F0F31881ED674B5003029AD /* TimeUtils.swift in Sources */ = {isa = PBXBuildFile; fileRef = 1F0F31871ED674B5003029AD /* TimeUtils.swift */; };
		1F0F318A1ED6AA71003029AD /* SystemUtils.swift in Sources */ = {isa = PBXBuildFile; fileRef = 1F0F31891ED6AA71003029AD /* SystemUtils.swift */; };
		1F3B70C11ECAEFEC00913A41 /* AppDelegate.swift in Sources */ = {isa = PBXBuildFile; fileRef = 1F3B70C01ECAEFEC00913A41 /* AppDelegate.swift */; };
		1F3B70C31ECAEFEC00913A41 /* ViewController.swift in Sources */ = {isa = PBXBuildFile; fileRef = 1F3B70C21ECAEFEC00913A41 /* ViewController.swift */; };
		1F3B70C61ECAEFEC00913A41 /* Main.storyboard in Resources */ = {isa = PBXBuildFile; fileRef = 1F3B70C41ECAEFEC00913A41 /* Main.storyboard */; };
		1F3B70C81ECAEFEC00913A41 /* Assets.xcassets in Resources */ = {isa = PBXBuildFile; fileRef = 1F3B70C71ECAEFEC00913A41 /* Assets.xcassets */; };
		1F3B70CB1ECAEFEC00913A41 /* LaunchScreen.storyboard in Resources */ = {isa = PBXBuildFile; fileRef = 1F3B70C91ECAEFEC00913A41 /* LaunchScreen.storyboard */; };
		1F3B70D61ECAEFEC00913A41 /* yinjiTests.swift in Sources */ = {isa = PBXBuildFile; fileRef = 1F3B70D51ECAEFEC00913A41 /* yinjiTests.swift */; };
		1F3B70E11ECAEFEC00913A41 /* yinjiUITests.swift in Sources */ = {isa = PBXBuildFile; fileRef = 1F3B70E01ECAEFEC00913A41 /* yinjiUITests.swift */; };
		1F3B70FF1ECBE71200913A41 /* common.swift in Sources */ = {isa = PBXBuildFile; fileRef = 1F3B70F71ECBE71200913A41 /* common.swift */; };
		1F3B71001ECBE71200913A41 /* NSDate+Extension.swift in Sources */ = {isa = PBXBuildFile; fileRef = 1F3B70F91ECBE71200913A41 /* NSDate+Extension.swift */; };
		1F3B71011ECBE71200913A41 /* UIBarButtonItem+extension.swift in Sources */ = {isa = PBXBuildFile; fileRef = 1F3B70FA1ECBE71200913A41 /* UIBarButtonItem+extension.swift */; };
		1F3B71021ECBE71200913A41 /* UIImage+Extension.swift in Sources */ = {isa = PBXBuildFile; fileRef = 1F3B70FB1ECBE71200913A41 /* UIImage+Extension.swift */; };
		1F3B71031ECBE71200913A41 /* UILabel+Extension.swift in Sources */ = {isa = PBXBuildFile; fileRef = 1F3B70FC1ECBE71200913A41 /* UILabel+Extension.swift */; };
		1F3B71041ECBE71200913A41 /* UIView_Inspectable.swift in Sources */ = {isa = PBXBuildFile; fileRef = 1F3B70FD1ECBE71200913A41 /* UIView_Inspectable.swift */; };
		1F3B71071ECBE8B800913A41 /* UIButton+Extension.swift in Sources */ = {isa = PBXBuildFile; fileRef = 1F3B71061ECBE8B800913A41 /* UIButton+Extension.swift */; };
		1F3B71091ECBF96B00913A41 /* BaseTableViewVc.swift in Sources */ = {isa = PBXBuildFile; fileRef = 1F3B71081ECBF96B00913A41 /* BaseTableViewVc.swift */; };
		1F3B711E1ECC3CE700913A41 /* NetWorkTools.swift in Sources */ = {isa = PBXBuildFile; fileRef = 1F3B711D1ECC3CE700913A41 /* NetWorkTools.swift */; };
		1F473F331EDEB8C7003CF484 /* SQliteManager.swift in Sources */ = {isa = PBXBuildFile; fileRef = 1F473F321EDEB8C7003CF484 /* SQliteManager.swift */; };
		6D5E5811059ABE0FE8557D8C /* Pods_yinjiTests.framework in Frameworks */ = {isa = PBXBuildFile; fileRef = DC7710B3871CA0FB859A5B98 /* Pods_yinjiTests.framework */; };
		6F99888878D3357820050FCA /* Pods_yinji.framework in Frameworks */ = {isa = PBXBuildFile; fileRef = D2CC329A518F73980DE5A42B /* Pods_yinji.framework */; };
		E8BB5915ADA4F30B53AEE54C /* Pods_yinjiUITests.framework in Frameworks */ = {isa = PBXBuildFile; fileRef = 3DD923C96CA0580A30799B05 /* Pods_yinjiUITests.framework */; };
/* End PBXBuildFile section */

/* Begin PBXContainerItemProxy section */
		1F3B70D21ECAEFEC00913A41 /* PBXContainerItemProxy */ = {
			isa = PBXContainerItemProxy;
			containerPortal = 1F3B70B51ECAEFEC00913A41 /* Project object */;
			proxyType = 1;
			remoteGlobalIDString = 1F3B70BC1ECAEFEC00913A41;
			remoteInfo = yinji;
		};
		1F3B70DD1ECAEFEC00913A41 /* PBXContainerItemProxy */ = {
			isa = PBXContainerItemProxy;
			containerPortal = 1F3B70B51ECAEFEC00913A41 /* Project object */;
			proxyType = 1;
			remoteGlobalIDString = 1F3B70BC1ECAEFEC00913A41;
			remoteInfo = yinji;
		};
/* End PBXContainerItemProxy section */

/* Begin PBXCopyFilesBuildPhase section */
		1F3B71171ECC1CC200913A41 /* Embed Frameworks */ = {
			isa = PBXCopyFilesBuildPhase;
			buildActionMask = 2147483647;
			dstPath = "";
			dstSubfolderSpec = 10;
			files = (
			);
			name = "Embed Frameworks";
			runOnlyForDeploymentPostprocessing = 0;
		};
/* End PBXCopyFilesBuildPhase section */

/* Begin PBXFileReference section */
		1AB78EBF2B637DD4CEEFCD6C /* Pods-yinjiUITests.debug.xcconfig */ = {isa = PBXFileReference; includeInIndex = 1; lastKnownFileType = text.xcconfig; name = "Pods-yinjiUITests.debug.xcconfig"; path = "Pods/Target Support Files/Pods-yinjiUITests/Pods-yinjiUITests.debug.xcconfig"; sourceTree = "<group>"; };
		1F0F31221ED40D2F003029AD /* UserInfo.swift */ = {isa = PBXFileReference; fileEncoding = 4; lastKnownFileType = sourcecode.swift; path = UserInfo.swift; sourceTree = "<group>"; };
		1F0F313D1ED55CF4003029AD /* libsqlite3.tbd */ = {isa = PBXFileReference; lastKnownFileType = "sourcecode.text-based-dylib-definition"; name = libsqlite3.tbd; path = usr/lib/libsqlite3.tbd; sourceTree = SDKROOT; };
		1F0F31401ED579B3003029AD /* TestViewController.h */ = {isa = PBXFileReference; fileEncoding = 4; lastKnownFileType = sourcecode.c.h; path = TestViewController.h; sourceTree = "<group>"; };
		1F0F31411ED579B3003029AD /* TestViewController.m */ = {isa = PBXFileReference; fileEncoding = 4; lastKnownFileType = sourcecode.c.objc; path = TestViewController.m; sourceTree = "<group>"; };
		1F0F31831ED66DE6003029AD /* yinji_bridge-Bridging-Header.h */ = {isa = PBXFileReference; lastKnownFileType = sourcecode.c.h; path = "yinji_bridge-Bridging-Header.h"; sourceTree = "<group>"; };
		1F0F31851ED671CA003029AD /* ModuleNetManager.swift */ = {isa = PBXFileReference; fileEncoding = 4; lastKnownFileType = sourcecode.swift; path = ModuleNetManager.swift; sourceTree = "<group>"; };
		1F0F31871ED674B5003029AD /* TimeUtils.swift */ = {isa = PBXFileReference; fileEncoding = 4; lastKnownFileType = sourcecode.swift; path = TimeUtils.swift; sourceTree = "<group>"; };
		1F0F31891ED6AA71003029AD /* SystemUtils.swift */ = {isa = PBXFileReference; fileEncoding = 4; lastKnownFileType = sourcecode.swift; path = SystemUtils.swift; sourceTree = "<group>"; };
		1F3B70BD1ECAEFEC00913A41 /* yinji.app */ = {isa = PBXFileReference; explicitFileType = wrapper.application; includeInIndex = 0; path = yinji.app; sourceTree = BUILT_PRODUCTS_DIR; };
		1F3B70C01ECAEFEC00913A41 /* AppDelegate.swift */ = {isa = PBXFileReference; lastKnownFileType = sourcecode.swift; path = AppDelegate.swift; sourceTree = "<group>"; };
		1F3B70C21ECAEFEC00913A41 /* ViewController.swift */ = {isa = PBXFileReference; lastKnownFileType = sourcecode.swift; path = ViewController.swift; sourceTree = "<group>"; };
		1F3B70C51ECAEFEC00913A41 /* Base */ = {isa = PBXFileReference; lastKnownFileType = file.storyboard; name = Base; path = Base.lproj/Main.storyboard; sourceTree = "<group>"; };
		1F3B70C71ECAEFEC00913A41 /* Assets.xcassets */ = {isa = PBXFileReference; lastKnownFileType = folder.assetcatalog; path = Assets.xcassets; sourceTree = "<group>"; };
		1F3B70CA1ECAEFEC00913A41 /* Base */ = {isa = PBXFileReference; lastKnownFileType = file.storyboard; name = Base; path = Base.lproj/LaunchScreen.storyboard; sourceTree = "<group>"; };
		1F3B70CC1ECAEFEC00913A41 /* Info.plist */ = {isa = PBXFileReference; lastKnownFileType = text.plist.xml; path = Info.plist; sourceTree = "<group>"; };
		1F3B70D11ECAEFEC00913A41 /* yinjiTests.xctest */ = {isa = PBXFileReference; explicitFileType = wrapper.cfbundle; includeInIndex = 0; path = yinjiTests.xctest; sourceTree = BUILT_PRODUCTS_DIR; };
		1F3B70D51ECAEFEC00913A41 /* yinjiTests.swift */ = {isa = PBXFileReference; lastKnownFileType = sourcecode.swift; path = yinjiTests.swift; sourceTree = "<group>"; };
		1F3B70D71ECAEFEC00913A41 /* Info.plist */ = {isa = PBXFileReference; lastKnownFileType = text.plist.xml; path = Info.plist; sourceTree = "<group>"; };
		1F3B70DC1ECAEFEC00913A41 /* yinjiUITests.xctest */ = {isa = PBXFileReference; explicitFileType = wrapper.cfbundle; includeInIndex = 0; path = yinjiUITests.xctest; sourceTree = BUILT_PRODUCTS_DIR; };
		1F3B70E01ECAEFEC00913A41 /* yinjiUITests.swift */ = {isa = PBXFileReference; lastKnownFileType = sourcecode.swift; path = yinjiUITests.swift; sourceTree = "<group>"; };
		1F3B70E21ECAEFEC00913A41 /* Info.plist */ = {isa = PBXFileReference; lastKnownFileType = text.plist.xml; path = Info.plist; sourceTree = "<group>"; };
		1F3B70F71ECBE71200913A41 /* common.swift */ = {isa = PBXFileReference; fileEncoding = 4; lastKnownFileType = sourcecode.swift; name = common.swift; path = Tools/common.swift; sourceTree = "<group>"; };
		1F3B70F91ECBE71200913A41 /* NSDate+Extension.swift */ = {isa = PBXFileReference; fileEncoding = 4; lastKnownFileType = sourcecode.swift; path = "NSDate+Extension.swift"; sourceTree = "<group>"; };
		1F3B70FA1ECBE71200913A41 /* UIBarButtonItem+extension.swift */ = {isa = PBXFileReference; fileEncoding = 4; lastKnownFileType = sourcecode.swift; path = "UIBarButtonItem+extension.swift"; sourceTree = "<group>"; };
		1F3B70FB1ECBE71200913A41 /* UIImage+Extension.swift */ = {isa = PBXFileReference; fileEncoding = 4; lastKnownFileType = sourcecode.swift; path = "UIImage+Extension.swift"; sourceTree = "<group>"; };
		1F3B70FC1ECBE71200913A41 /* UILabel+Extension.swift */ = {isa = PBXFileReference; fileEncoding = 4; lastKnownFileType = sourcecode.swift; path = "UILabel+Extension.swift"; sourceTree = "<group>"; };
		1F3B70FD1ECBE71200913A41 /* UIView_Inspectable.swift */ = {isa = PBXFileReference; fileEncoding = 4; lastKnownFileType = sourcecode.swift; path = UIView_Inspectable.swift; sourceTree = "<group>"; };
		1F3B71061ECBE8B800913A41 /* UIButton+Extension.swift */ = {isa = PBXFileReference; fileEncoding = 4; lastKnownFileType = sourcecode.swift; path = "UIButton+Extension.swift"; sourceTree = "<group>"; };
		1F3B71081ECBF96B00913A41 /* BaseTableViewVc.swift */ = {isa = PBXFileReference; fileEncoding = 4; lastKnownFileType = sourcecode.swift; path = BaseTableViewVc.swift; sourceTree = "<group>"; };
		1F3B711D1ECC3CE700913A41 /* NetWorkTools.swift */ = {isa = PBXFileReference; fileEncoding = 4; lastKnownFileType = sourcecode.swift; path = NetWorkTools.swift; sourceTree = "<group>"; };
		1F473F321EDEB8C7003CF484 /* SQliteManager.swift */ = {isa = PBXFileReference; fileEncoding = 4; lastKnownFileType = sourcecode.swift; path = SQliteManager.swift; sourceTree = "<group>"; };
		3DD923C96CA0580A30799B05 /* Pods_yinjiUITests.framework */ = {isa = PBXFileReference; explicitFileType = wrapper.framework; includeInIndex = 0; path = Pods_yinjiUITests.framework; sourceTree = BUILT_PRODUCTS_DIR; };
		A3F8E5AE4C4D1A8F68637FB4 /* Pods-yinjiTests.debug.xcconfig */ = {isa = PBXFileReference; includeInIndex = 1; lastKnownFileType = text.xcconfig; name = "Pods-yinjiTests.debug.xcconfig"; path = "Pods/Target Support Files/Pods-yinjiTests/Pods-yinjiTests.debug.xcconfig"; sourceTree = "<group>"; };
		BD9BE0810828C6127DF53ECE /* Pods-yinji.debug.xcconfig */ = {isa = PBXFileReference; includeInIndex = 1; lastKnownFileType = text.xcconfig; name = "Pods-yinji.debug.xcconfig"; path = "Pods/Target Support Files/Pods-yinji/Pods-yinji.debug.xcconfig"; sourceTree = "<group>"; };
		BFD449B200D0E75296DCC0DA /* Pods-yinjiTests.release.xcconfig */ = {isa = PBXFileReference; includeInIndex = 1; lastKnownFileType = text.xcconfig; name = "Pods-yinjiTests.release.xcconfig"; path = "Pods/Target Support Files/Pods-yinjiTests/Pods-yinjiTests.release.xcconfig"; sourceTree = "<group>"; };
		C145332EBCCBDED0182F5695 /* Pods-yinjiUITests.release.xcconfig */ = {isa = PBXFileReference; includeInIndex = 1; lastKnownFileType = text.xcconfig; name = "Pods-yinjiUITests.release.xcconfig"; path = "Pods/Target Support Files/Pods-yinjiUITests/Pods-yinjiUITests.release.xcconfig"; sourceTree = "<group>"; };
		D2CC329A518F73980DE5A42B /* Pods_yinji.framework */ = {isa = PBXFileReference; explicitFileType = wrapper.framework; includeInIndex = 0; path = Pods_yinji.framework; sourceTree = BUILT_PRODUCTS_DIR; };
		DC7710B3871CA0FB859A5B98 /* Pods_yinjiTests.framework */ = {isa = PBXFileReference; explicitFileType = wrapper.framework; includeInIndex = 0; path = Pods_yinjiTests.framework; sourceTree = BUILT_PRODUCTS_DIR; };
		FEB3C51D5B21CF17D917B38E /* Pods-yinji.release.xcconfig */ = {isa = PBXFileReference; includeInIndex = 1; lastKnownFileType = text.xcconfig; name = "Pods-yinji.release.xcconfig"; path = "Pods/Target Support Files/Pods-yinji/Pods-yinji.release.xcconfig"; sourceTree = "<group>"; };
/* End PBXFileReference section */

/* Begin PBXFrameworksBuildPhase section */
		1F3B70BA1ECAEFEC00913A41 /* Frameworks */ = {
			isa = PBXFrameworksBuildPhase;
			buildActionMask = 2147483647;
			files = (
				1F0F313E1ED55CF4003029AD /* libsqlite3.tbd in Frameworks */,
				6F99888878D3357820050FCA /* Pods_yinji.framework in Frameworks */,
			);
			runOnlyForDeploymentPostprocessing = 0;
		};
		1F3B70CE1ECAEFEC00913A41 /* Frameworks */ = {
			isa = PBXFrameworksBuildPhase;
			buildActionMask = 2147483647;
			files = (
				6D5E5811059ABE0FE8557D8C /* Pods_yinjiTests.framework in Frameworks */,
			);
			runOnlyForDeploymentPostprocessing = 0;
		};
		1F3B70D91ECAEFEC00913A41 /* Frameworks */ = {
			isa = PBXFrameworksBuildPhase;
			buildActionMask = 2147483647;
			files = (
				E8BB5915ADA4F30B53AEE54C /* Pods_yinjiUITests.framework in Frameworks */,
			);
			runOnlyForDeploymentPostprocessing = 0;
		};
/* End PBXFrameworksBuildPhase section */

/* Begin PBXGroup section */
		08745CDFF8C2701343A99EC8 /* Frameworks */ = {
			isa = PBXGroup;
			children = (
				1F0F313D1ED55CF4003029AD /* libsqlite3.tbd */,
				D2CC329A518F73980DE5A42B /* Pods_yinji.framework */,
				DC7710B3871CA0FB859A5B98 /* Pods_yinjiTests.framework */,
				3DD923C96CA0580A30799B05 /* Pods_yinjiUITests.framework */,
			);
			name = Frameworks;
			sourceTree = "<group>";
		};
		1F0F31211ED40D10003029AD /* Model */ = {
			isa = PBXGroup;
			children = (
				1F0F31221ED40D2F003029AD /* UserInfo.swift */,
			);
			name = Model;
			path = Tools;
			sourceTree = "<group>";
		};
		1F0F31841ED67197003029AD /* Module */ = {
			isa = PBXGroup;
			children = (
				1F0F31851ED671CA003029AD /* ModuleNetManager.swift */,
			);
			name = Module;
			path = Tools;
			sourceTree = "<group>";
		};
		1F3B70B41ECAEFEC00913A41 = {
			isa = PBXGroup;
			children = (
				1F3B70BF1ECAEFEC00913A41 /* yinji */,
				1F3B70D41ECAEFEC00913A41 /* yinjiTests */,
				1F3B70DF1ECAEFEC00913A41 /* yinjiUITests */,
				1F3B70BE1ECAEFEC00913A41 /* Products */,
				ED1B995718D084AABC10F67F /* Pods */,
				08745CDFF8C2701343A99EC8 /* Frameworks */,
			);
			sourceTree = "<group>";
		};
		1F3B70BE1ECAEFEC00913A41 /* Products */ = {
			isa = PBXGroup;
			children = (
				1F3B70BD1ECAEFEC00913A41 /* yinji.app */,
				1F3B70D11ECAEFEC00913A41 /* yinjiTests.xctest */,
				1F3B70DC1ECAEFEC00913A41 /* yinjiUITests.xctest */,
			);
			name = Products;
			sourceTree = "<group>";
		};
		1F3B70BF1ECAEFEC00913A41 /* yinji */ = {
			isa = PBXGroup;
			children = (
				1F0F31841ED67197003029AD /* Module */,
				1F0F31211ED40D10003029AD /* Model */,
				1F3B70F81ECBE71200913A41 /* extension */,
				1F3B70F61ECBE71200913A41 /* Tools */,
				1F3B70C01ECAEFEC00913A41 /* AppDelegate.swift */,
				1F3B70C21ECAEFEC00913A41 /* ViewController.swift */,
				1F3B71081ECBF96B00913A41 /* BaseTableViewVc.swift */,
				1F3B70C41ECAEFEC00913A41 /* Main.storyboard */,
				1F3B70C71ECAEFEC00913A41 /* Assets.xcassets */,
				1F3B70C91ECAEFEC00913A41 /* LaunchScreen.storyboard */,
				1F3B70CC1ECAEFEC00913A41 /* Info.plist */,
				1F3B70F71ECBE71200913A41 /* common.swift */,
				1F0F31831ED66DE6003029AD /* yinji_bridge-Bridging-Header.h */,
				1F0F31401ED579B3003029AD /* TestViewController.h */,
				1F0F31411ED579B3003029AD /* TestViewController.m */,
			);
			path = yinji;
			sourceTree = "<group>";
		};
		1F3B70D41ECAEFEC00913A41 /* yinjiTests */ = {
			isa = PBXGroup;
			children = (
				1F3B70D51ECAEFEC00913A41 /* yinjiTests.swift */,
				1F3B70D71ECAEFEC00913A41 /* Info.plist */,
			);
			path = yinjiTests;
			sourceTree = "<group>";
		};
		1F3B70DF1ECAEFEC00913A41 /* yinjiUITests */ = {
			isa = PBXGroup;
			children = (
				1F3B70E01ECAEFEC00913A41 /* yinjiUITests.swift */,
				1F3B70E21ECAEFEC00913A41 /* Info.plist */,
			);
			path = yinjiUITests;
			sourceTree = "<group>";
		};
		1F3B70F61ECBE71200913A41 /* Tools */ = {
			isa = PBXGroup;
			children = (
				1F3B711D1ECC3CE700913A41 /* NetWorkTools.swift */,
				1F0F31871ED674B5003029AD /* TimeUtils.swift */,
				1F0F31891ED6AA71003029AD /* SystemUtils.swift */,
				1F473F321EDEB8C7003CF484 /* SQliteManager.swift */,
			);
			path = Tools;
			sourceTree = "<group>";
		};
		1F3B70F81ECBE71200913A41 /* extension */ = {
			isa = PBXGroup;
			children = (
				1F3B70F91ECBE71200913A41 /* NSDate+Extension.swift */,
				1F3B70FA1ECBE71200913A41 /* UIBarButtonItem+extension.swift */,
				1F3B70FB1ECBE71200913A41 /* UIImage+Extension.swift */,
				1F3B70FC1ECBE71200913A41 /* UILabel+Extension.swift */,
				1F3B70FD1ECBE71200913A41 /* UIView_Inspectable.swift */,
				1F3B71061ECBE8B800913A41 /* UIButton+Extension.swift */,
			);
			name = extension;
			path = Tools/extension;
			sourceTree = "<group>";
		};
		ED1B995718D084AABC10F67F /* Pods */ = {
			isa = PBXGroup;
			children = (
				BD9BE0810828C6127DF53ECE /* Pods-yinji.debug.xcconfig */,
				FEB3C51D5B21CF17D917B38E /* Pods-yinji.release.xcconfig */,
				A3F8E5AE4C4D1A8F68637FB4 /* Pods-yinjiTests.debug.xcconfig */,
				BFD449B200D0E75296DCC0DA /* Pods-yinjiTests.release.xcconfig */,
				1AB78EBF2B637DD4CEEFCD6C /* Pods-yinjiUITests.debug.xcconfig */,
				C145332EBCCBDED0182F5695 /* Pods-yinjiUITests.release.xcconfig */,
			);
			name = Pods;
			sourceTree = "<group>";
		};
/* End PBXGroup section */

/* Begin PBXNativeTarget section */
		1F3B70BC1ECAEFEC00913A41 /* yinji */ = {
			isa = PBXNativeTarget;
			buildConfigurationList = 1F3B70E51ECAEFEC00913A41 /* Build configuration list for PBXNativeTarget "yinji" */;
			buildPhases = (
				4CCBE01DC09099233742639A /* [CP] Check Pods Manifest.lock */,
				1F3B70B91ECAEFEC00913A41 /* Sources */,
				1F3B70BA1ECAEFEC00913A41 /* Frameworks */,
				1F3B70BB1ECAEFEC00913A41 /* Resources */,
				14BD20F64C65DCA551E1465E /* [CP] Embed Pods Frameworks */,
				D9E127B89228D4C3787583B6 /* [CP] Copy Pods Resources */,
				1F3B71171ECC1CC200913A41 /* Embed Frameworks */,
			);
			buildRules = (
			);
			dependencies = (
			);
			name = yinji;
			productName = yinji;
			productReference = 1F3B70BD1ECAEFEC00913A41 /* yinji.app */;
			productType = "com.apple.product-type.application";
		};
		1F3B70D01ECAEFEC00913A41 /* yinjiTests */ = {
			isa = PBXNativeTarget;
			buildConfigurationList = 1F3B70E81ECAEFEC00913A41 /* Build configuration list for PBXNativeTarget "yinjiTests" */;
			buildPhases = (
				07FA48E1FA22581C2CA61756 /* [CP] Check Pods Manifest.lock */,
				1F3B70CD1ECAEFEC00913A41 /* Sources */,
				1F3B70CE1ECAEFEC00913A41 /* Frameworks */,
				1F3B70CF1ECAEFEC00913A41 /* Resources */,
				BDEC45713822270DCC2E03D7 /* [CP] Embed Pods Frameworks */,
				23B55A5A83B96E7212ABBF63 /* [CP] Copy Pods Resources */,
			);
			buildRules = (
			);
			dependencies = (
				1F3B70D31ECAEFEC00913A41 /* PBXTargetDependency */,
			);
			name = yinjiTests;
			productName = yinjiTests;
			productReference = 1F3B70D11ECAEFEC00913A41 /* yinjiTests.xctest */;
			productType = "com.apple.product-type.bundle.unit-test";
		};
		1F3B70DB1ECAEFEC00913A41 /* yinjiUITests */ = {
			isa = PBXNativeTarget;
			buildConfigurationList = 1F3B70EB1ECAEFEC00913A41 /* Build configuration list for PBXNativeTarget "yinjiUITests" */;
			buildPhases = (
				7D46D683D50749EE9417AB62 /* [CP] Check Pods Manifest.lock */,
				1F3B70D81ECAEFEC00913A41 /* Sources */,
				1F3B70D91ECAEFEC00913A41 /* Frameworks */,
				1F3B70DA1ECAEFEC00913A41 /* Resources */,
				D75D77CFABF5572BE77EA735 /* [CP] Embed Pods Frameworks */,
				4B1401757370EE432413CBE6 /* [CP] Copy Pods Resources */,
			);
			buildRules = (
			);
			dependencies = (
				1F3B70DE1ECAEFEC00913A41 /* PBXTargetDependency */,
			);
			name = yinjiUITests;
			productName = yinjiUITests;
			productReference = 1F3B70DC1ECAEFEC00913A41 /* yinjiUITests.xctest */;
			productType = "com.apple.product-type.bundle.ui-testing";
		};
/* End PBXNativeTarget section */

/* Begin PBXProject section */
		1F3B70B51ECAEFEC00913A41 /* Project object */ = {
			isa = PBXProject;
			attributes = {
				LastSwiftUpdateCheck = 0830;
				LastUpgradeCheck = 0830;
				ORGANIZATIONNAME = "路飞";
				TargetAttributes = {
					1F3B70BC1ECAEFEC00913A41 = {
						CreatedOnToolsVersion = 8.3.2;
						DevelopmentTeam = 2Y8FL748PL;
						ProvisioningStyle = Automatic;
					};
					1F3B70D01ECAEFEC00913A41 = {
						CreatedOnToolsVersion = 8.3.2;
						DevelopmentTeam = 2Y8FL748PL;
						ProvisioningStyle = Automatic;
						TestTargetID = 1F3B70BC1ECAEFEC00913A41;
					};
					1F3B70DB1ECAEFEC00913A41 = {
						CreatedOnToolsVersion = 8.3.2;
						DevelopmentTeam = 2Y8FL748PL;
						ProvisioningStyle = Automatic;
						TestTargetID = 1F3B70BC1ECAEFEC00913A41;
					};
				};
			};
			buildConfigurationList = 1F3B70B81ECAEFEC00913A41 /* Build configuration list for PBXProject "yinji" */;
			compatibilityVersion = "Xcode 3.2";
			developmentRegion = English;
			hasScannedForEncodings = 0;
			knownRegions = (
				en,
				Base,
			);
			mainGroup = 1F3B70B41ECAEFEC00913A41;
			productRefGroup = 1F3B70BE1ECAEFEC00913A41 /* Products */;
			projectDirPath = "";
			projectRoot = "";
			targets = (
				1F3B70BC1ECAEFEC00913A41 /* yinji */,
				1F3B70D01ECAEFEC00913A41 /* yinjiTests */,
				1F3B70DB1ECAEFEC00913A41 /* yinjiUITests */,
			);
		};
/* End PBXProject section */

/* Begin PBXResourcesBuildPhase section */
		1F3B70BB1ECAEFEC00913A41 /* Resources */ = {
			isa = PBXResourcesBuildPhase;
			buildActionMask = 2147483647;
			files = (
				1F3B70CB1ECAEFEC00913A41 /* LaunchScreen.storyboard in Resources */,
				1F3B70C81ECAEFEC00913A41 /* Assets.xcassets in Resources */,
				1F3B70C61ECAEFEC00913A41 /* Main.storyboard in Resources */,
			);
			runOnlyForDeploymentPostprocessing = 0;
		};
		1F3B70CF1ECAEFEC00913A41 /* Resources */ = {
			isa = PBXResourcesBuildPhase;
			buildActionMask = 2147483647;
			files = (
			);
			runOnlyForDeploymentPostprocessing = 0;
		};
		1F3B70DA1ECAEFEC00913A41 /* Resources */ = {
			isa = PBXResourcesBuildPhase;
			buildActionMask = 2147483647;
			files = (
			);
			runOnlyForDeploymentPostprocessing = 0;
		};
/* End PBXResourcesBuildPhase section */

/* Begin PBXShellScriptBuildPhase section */
		07FA48E1FA22581C2CA61756 /* [CP] Check Pods Manifest.lock */ = {
			isa = PBXShellScriptBuildPhase;
			buildActionMask = 2147483647;
			files = (
			);
			inputPaths = (
			);
			name = "[CP] Check Pods Manifest.lock";
			outputPaths = (
			);
			runOnlyForDeploymentPostprocessing = 0;
			shellPath = /bin/sh;
			shellScript = "diff \"${PODS_ROOT}/../Podfile.lock\" \"${PODS_ROOT}/Manifest.lock\" > /dev/null\nif [ $? != 0 ] ; then\n    # print error to STDERR\n    echo \"error: The sandbox is not in sync with the Podfile.lock. Run 'pod install' or update your CocoaPods installation.\" >&2\n    exit 1\nfi\n";
			showEnvVarsInLog = 0;
		};
		14BD20F64C65DCA551E1465E /* [CP] Embed Pods Frameworks */ = {
			isa = PBXShellScriptBuildPhase;
			buildActionMask = 2147483647;
			files = (
			);
			inputPaths = (
			);
			name = "[CP] Embed Pods Frameworks";
			outputPaths = (
			);
			runOnlyForDeploymentPostprocessing = 0;
			shellPath = /bin/sh;
			shellScript = "\"${SRCROOT}/Pods/Target Support Files/Pods-yinji/Pods-yinji-frameworks.sh\"\n";
			showEnvVarsInLog = 0;
		};
		23B55A5A83B96E7212ABBF63 /* [CP] Copy Pods Resources */ = {
			isa = PBXShellScriptBuildPhase;
			buildActionMask = 2147483647;
			files = (
			);
			inputPaths = (
			);
			name = "[CP] Copy Pods Resources";
			outputPaths = (
			);
			runOnlyForDeploymentPostprocessing = 0;
			shellPath = /bin/sh;
			shellScript = "\"${SRCROOT}/Pods/Target Support Files/Pods-yinjiTests/Pods-yinjiTests-resources.sh\"\n";
			showEnvVarsInLog = 0;
		};
		4B1401757370EE432413CBE6 /* [CP] Copy Pods Resources */ = {
			isa = PBXShellScriptBuildPhase;
			buildActionMask = 2147483647;
			files = (
			);
			inputPaths = (
			);
			name = "[CP] Copy Pods Resources";
			outputPaths = (
			);
			runOnlyForDeploymentPostprocessing = 0;
			shellPath = /bin/sh;
			shellScript = "\"${SRCROOT}/Pods/Target Support Files/Pods-yinjiUITests/Pods-yinjiUITests-resources.sh\"\n";
			showEnvVarsInLog = 0;
		};
		4CCBE01DC09099233742639A /* [CP] Check Pods Manifest.lock */ = {
			isa = PBXShellScriptBuildPhase;
			buildActionMask = 2147483647;
			files = (
			);
			inputPaths = (
			);
			name = "[CP] Check Pods Manifest.lock";
			outputPaths = (
			);
			runOnlyForDeploymentPostprocessing = 0;
			shellPath = /bin/sh;
			shellScript = "diff \"${PODS_ROOT}/../Podfile.lock\" \"${PODS_ROOT}/Manifest.lock\" > /dev/null\nif [ $? != 0 ] ; then\n    # print error to STDERR\n    echo \"error: The sandbox is not in sync with the Podfile.lock. Run 'pod install' or update your CocoaPods installation.\" >&2\n    exit 1\nfi\n";
			showEnvVarsInLog = 0;
		};
		7D46D683D50749EE9417AB62 /* [CP] Check Pods Manifest.lock */ = {
			isa = PBXShellScriptBuildPhase;
			buildActionMask = 2147483647;
			files = (
			);
			inputPaths = (
			);
			name = "[CP] Check Pods Manifest.lock";
			outputPaths = (
			);
			runOnlyForDeploymentPostprocessing = 0;
			shellPath = /bin/sh;
			shellScript = "diff \"${PODS_ROOT}/../Podfile.lock\" \"${PODS_ROOT}/Manifest.lock\" > /dev/null\nif [ $? != 0 ] ; then\n    # print error to STDERR\n    echo \"error: The sandbox is not in sync with the Podfile.lock. Run 'pod install' or update your CocoaPods installation.\" >&2\n    exit 1\nfi\n";
			showEnvVarsInLog = 0;
		};
		BDEC45713822270DCC2E03D7 /* [CP] Embed Pods Frameworks */ = {
			isa = PBXShellScriptBuildPhase;
			buildActionMask = 2147483647;
			files = (
			);
			inputPaths = (
			);
			name = "[CP] Embed Pods Frameworks";
			outputPaths = (
			);
			runOnlyForDeploymentPostprocessing = 0;
			shellPath = /bin/sh;
			shellScript = "\"${SRCROOT}/Pods/Target Support Files/Pods-yinjiTests/Pods-yinjiTests-frameworks.sh\"\n";
			showEnvVarsInLog = 0;
		};
		D75D77CFABF5572BE77EA735 /* [CP] Embed Pods Frameworks */ = {
			isa = PBXShellScriptBuildPhase;
			buildActionMask = 2147483647;
			files = (
			);
			inputPaths = (
			);
			name = "[CP] Embed Pods Frameworks";
			outputPaths = (
			);
			runOnlyForDeploymentPostprocessing = 0;
			shellPath = /bin/sh;
			shellScript = "\"${SRCROOT}/Pods/Target Support Files/Pods-yinjiUITests/Pods-yinjiUITests-frameworks.sh\"\n";
			showEnvVarsInLog = 0;
		};
		D9E127B89228D4C3787583B6 /* [CP] Copy Pods Resources */ = {
			isa = PBXShellScriptBuildPhase;
			buildActionMask = 2147483647;
			files = (
			);
			inputPaths = (
			);
			name = "[CP] Copy Pods Resources";
			outputPaths = (
			);
			runOnlyForDeploymentPostprocessing = 0;
			shellPath = /bin/sh;
			shellScript = "\"${SRCROOT}/Pods/Target Support Files/Pods-yinji/Pods-yinji-resources.sh\"\n";
			showEnvVarsInLog = 0;
		};
/* End PBXShellScriptBuildPhase section */

/* Begin PBXSourcesBuildPhase section */
		1F3B70B91ECAEFEC00913A41 /* Sources */ = {
			isa = PBXSourcesBuildPhase;
			buildActionMask = 2147483647;
			files = (
				1F3B71011ECBE71200913A41 /* UIBarButtonItem+extension.swift in Sources */,
				1F0F31421ED579B3003029AD /* TestViewController.m in Sources */,
				1F0F318A1ED6AA71003029AD /* SystemUtils.swift in Sources */,
				1F3B71091ECBF96B00913A41 /* BaseTableViewVc.swift in Sources */,
				1F3B71001ECBE71200913A41 /* NSDate+Extension.swift in Sources */,
				1F3B70C31ECAEFEC00913A41 /* ViewController.swift in Sources */,
				1F0F31231ED40D2F003029AD /* UserInfo.swift in Sources */,
				1F0F31881ED674B5003029AD /* TimeUtils.swift in Sources */,
				1F3B71031ECBE71200913A41 /* UILabel+Extension.swift in Sources */,
				1F3B71021ECBE71200913A41 /* UIImage+Extension.swift in Sources */,
				1F3B71071ECBE8B800913A41 /* UIButton+Extension.swift in Sources */,
				1F3B71041ECBE71200913A41 /* UIView_Inspectable.swift in Sources */,
				1F3B70C11ECAEFEC00913A41 /* AppDelegate.swift in Sources */,
				1F0F31861ED671CA003029AD /* ModuleNetManager.swift in Sources */,
				1F473F331EDEB8C7003CF484 /* SQliteManager.swift in Sources */,
				1F3B711E1ECC3CE700913A41 /* NetWorkTools.swift in Sources */,
				1F3B70FF1ECBE71200913A41 /* common.swift in Sources */,
			);
			runOnlyForDeploymentPostprocessing = 0;
		};
		1F3B70CD1ECAEFEC00913A41 /* Sources */ = {
			isa = PBXSourcesBuildPhase;
			buildActionMask = 2147483647;
			files = (
				1F3B70D61ECAEFEC00913A41 /* yinjiTests.swift in Sources */,
			);
			runOnlyForDeploymentPostprocessing = 0;
		};
		1F3B70D81ECAEFEC00913A41 /* Sources */ = {
			isa = PBXSourcesBuildPhase;
			buildActionMask = 2147483647;
			files = (
				1F3B70E11ECAEFEC00913A41 /* yinjiUITests.swift in Sources */,
			);
			runOnlyForDeploymentPostprocessing = 0;
		};
/* End PBXSourcesBuildPhase section */

/* Begin PBXTargetDependency section */
		1F3B70D31ECAEFEC00913A41 /* PBXTargetDependency */ = {
			isa = PBXTargetDependency;
			target = 1F3B70BC1ECAEFEC00913A41 /* yinji */;
			targetProxy = 1F3B70D21ECAEFEC00913A41 /* PBXContainerItemProxy */;
		};
		1F3B70DE1ECAEFEC00913A41 /* PBXTargetDependency */ = {
			isa = PBXTargetDependency;
			target = 1F3B70BC1ECAEFEC00913A41 /* yinji */;
			targetProxy = 1F3B70DD1ECAEFEC00913A41 /* PBXContainerItemProxy */;
		};
/* End PBXTargetDependency section */

/* Begin PBXVariantGroup section */
		1F3B70C41ECAEFEC00913A41 /* Main.storyboard */ = {
			isa = PBXVariantGroup;
			children = (
				1F3B70C51ECAEFEC00913A41 /* Base */,
			);
			name = Main.storyboard;
			sourceTree = "<group>";
		};
		1F3B70C91ECAEFEC00913A41 /* LaunchScreen.storyboard */ = {
			isa = PBXVariantGroup;
			children = (
				1F3B70CA1ECAEFEC00913A41 /* Base */,
			);
			name = LaunchScreen.storyboard;
			sourceTree = "<group>";
		};
/* End PBXVariantGroup section */

/* Begin XCBuildConfiguration section */
		1F3B70E31ECAEFEC00913A41 /* Debug */ = {
			isa = XCBuildConfiguration;
			buildSettings = {
				ALWAYS_SEARCH_USER_PATHS = NO;
				CLANG_ANALYZER_NONNULL = YES;
				CLANG_ANALYZER_NUMBER_OBJECT_CONVERSION = YES_AGGRESSIVE;
				CLANG_CXX_LANGUAGE_STANDARD = "gnu++0x";
				CLANG_CXX_LIBRARY = "libc++";
				CLANG_ENABLE_MODULES = YES;
				CLANG_ENABLE_OBJC_ARC = YES;
				CLANG_WARN_BOOL_CONVERSION = YES;
				CLANG_WARN_CONSTANT_CONVERSION = YES;
				CLANG_WARN_DIRECT_OBJC_ISA_USAGE = YES_ERROR;
				CLANG_WARN_DOCUMENTATION_COMMENTS = YES;
				CLANG_WARN_EMPTY_BODY = YES;
				CLANG_WARN_ENUM_CONVERSION = YES;
				CLANG_WARN_INFINITE_RECURSION = YES;
				CLANG_WARN_INT_CONVERSION = YES;
				CLANG_WARN_OBJC_ROOT_CLASS = YES_ERROR;
				CLANG_WARN_SUSPICIOUS_MOVE = YES;
				CLANG_WARN_UNREACHABLE_CODE = YES;
				CLANG_WARN__DUPLICATE_METHOD_MATCH = YES;
				"CODE_SIGN_IDENTITY[sdk=iphoneos*]" = "iPhone Developer";
				COPY_PHASE_STRIP = NO;
				DEBUG_INFORMATION_FORMAT = dwarf;
				ENABLE_STRICT_OBJC_MSGSEND = YES;
				ENABLE_TESTABILITY = YES;
				GCC_C_LANGUAGE_STANDARD = gnu99;
				GCC_DYNAMIC_NO_PIC = NO;
				GCC_NO_COMMON_BLOCKS = YES;
				GCC_OPTIMIZATION_LEVEL = 0;
				GCC_PREPROCESSOR_DEFINITIONS = (
					"DEBUG=1",
					"$(inherited)",
				);
				GCC_WARN_64_TO_32_BIT_CONVERSION = YES;
				GCC_WARN_ABOUT_RETURN_TYPE = YES_ERROR;
				GCC_WARN_UNDECLARED_SELECTOR = YES;
				GCC_WARN_UNINITIALIZED_AUTOS = YES_AGGRESSIVE;
				GCC_WARN_UNUSED_FUNCTION = YES;
				GCC_WARN_UNUSED_VARIABLE = YES;
				IPHONEOS_DEPLOYMENT_TARGET = 10.3;
				MTL_ENABLE_DEBUG_INFO = YES;
				ONLY_ACTIVE_ARCH = YES;
				SDKROOT = iphoneos;
				SWIFT_ACTIVE_COMPILATION_CONDITIONS = DEBUG;
				SWIFT_OPTIMIZATION_LEVEL = "-Onone";
				TARGETED_DEVICE_FAMILY = "1,2";
			};
			name = Debug;
		};
		1F3B70E41ECAEFEC00913A41 /* Release */ = {
			isa = XCBuildConfiguration;
			buildSettings = {
				ALWAYS_SEARCH_USER_PATHS = NO;
				CLANG_ANALYZER_NONNULL = YES;
				CLANG_ANALYZER_NUMBER_OBJECT_CONVERSION = YES_AGGRESSIVE;
				CLANG_CXX_LANGUAGE_STANDARD = "gnu++0x";
				CLANG_CXX_LIBRARY = "libc++";
				CLANG_ENABLE_MODULES = YES;
				CLANG_ENABLE_OBJC_ARC = YES;
				CLANG_WARN_BOOL_CONVERSION = YES;
				CLANG_WARN_CONSTANT_CONVERSION = YES;
				CLANG_WARN_DIRECT_OBJC_ISA_USAGE = YES_ERROR;
				CLANG_WARN_DOCUMENTATION_COMMENTS = YES;
				CLANG_WARN_EMPTY_BODY = YES;
				CLANG_WARN_ENUM_CONVERSION = YES;
				CLANG_WARN_INFINITE_RECURSION = YES;
				CLANG_WARN_INT_CONVERSION = YES;
				CLANG_WARN_OBJC_ROOT_CLASS = YES_ERROR;
				CLANG_WARN_SUSPICIOUS_MOVE = YES;
				CLANG_WARN_UNREACHABLE_CODE = YES;
				CLANG_WARN__DUPLICATE_METHOD_MATCH = YES;
				"CODE_SIGN_IDENTITY[sdk=iphoneos*]" = "iPhone Developer";
				COPY_PHASE_STRIP = NO;
				DEBUG_INFORMATION_FORMAT = "dwarf-with-dsym";
				ENABLE_NS_ASSERTIONS = NO;
				ENABLE_STRICT_OBJC_MSGSEND = YES;
				GCC_C_LANGUAGE_STANDARD = gnu99;
				GCC_NO_COMMON_BLOCKS = YES;
				GCC_WARN_64_TO_32_BIT_CONVERSION = YES;
				GCC_WARN_ABOUT_RETURN_TYPE = YES_ERROR;
				GCC_WARN_UNDECLARED_SELECTOR = YES;
				GCC_WARN_UNINITIALIZED_AUTOS = YES_AGGRESSIVE;
				GCC_WARN_UNUSED_FUNCTION = YES;
				GCC_WARN_UNUSED_VARIABLE = YES;
				IPHONEOS_DEPLOYMENT_TARGET = 10.3;
				MTL_ENABLE_DEBUG_INFO = NO;
				SDKROOT = iphoneos;
				SWIFT_OPTIMIZATION_LEVEL = "-Owholemodule";
				TARGETED_DEVICE_FAMILY = "1,2";
				VALIDATE_PRODUCT = YES;
			};
			name = Release;
		};
		1F3B70E61ECAEFEC00913A41 /* Debug */ = {
			isa = XCBuildConfiguration;
			baseConfigurationReference = BD9BE0810828C6127DF53ECE /* Pods-yinji.debug.xcconfig */;
			buildSettings = {
				ALWAYS_EMBED_SWIFT_STANDARD_LIBRARIES = YES;
				ALWAYS_SEARCH_USER_PATHS = YES;
				ASSETCATALOG_COMPILER_APPICON_NAME = AppIcon;
				DEVELOPMENT_TEAM = 2Y8FL748PL;
				GCC_PREFIX_HEADER = "";
				INFOPLIST_FILE = yinji/Info.plist;
				LD_RUNPATH_SEARCH_PATHS = "$(inherited) @executable_path/Frameworks";
				PRODUCT_BUNDLE_IDENTIFIER = lufei.yinji;
				PRODUCT_NAME = "$(TARGET_NAME)";
				SWIFT_OBJC_BRIDGING_HEADER = "yinji/yinji_bridge-Bridging-Header.h";
				SWIFT_VERSION = 3.0;
				USER_HEADER_SEARCH_PATHS = "$(PODS_ROOT)/**";
			};
			name = Debug;
		};
		1F3B70E71ECAEFEC00913A41 /* Release */ = {
			isa = XCBuildConfiguration;
			baseConfigurationReference = FEB3C51D5B21CF17D917B38E /* Pods-yinji.release.xcconfig */;
			buildSettings = {
				ALWAYS_EMBED_SWIFT_STANDARD_LIBRARIES = YES;
				ALWAYS_SEARCH_USER_PATHS = YES;
				ASSETCATALOG_COMPILER_APPICON_NAME = AppIcon;
				DEVELOPMENT_TEAM = 2Y8FL748PL;
				GCC_PREFIX_HEADER = "";
				INFOPLIST_FILE = yinji/Info.plist;
				LD_RUNPATH_SEARCH_PATHS = "$(inherited) @executable_path/Frameworks";
				PRODUCT_BUNDLE_IDENTIFIER = lufei.yinji;
				PRODUCT_NAME = "$(TARGET_NAME)";
				SWIFT_OBJC_BRIDGING_HEADER = "yinji/yinji_bridge-Bridging-Header.h";
				SWIFT_VERSION = 3.0;
				USER_HEADER_SEARCH_PATHS = "$(PODS_ROOT)/**";
			};
			name = Release;
		};
		1F3B70E91ECAEFEC00913A41 /* Debug */ = {
			isa = XCBuildConfiguration;
			baseConfigurationReference = A3F8E5AE4C4D1A8F68637FB4 /* Pods-yinjiTests.debug.xcconfig */;
			buildSettings = {
				ALWAYS_EMBED_SWIFT_STANDARD_LIBRARIES = YES;
				BUNDLE_LOADER = "$(TEST_HOST)";
				DEVELOPMENT_TEAM = 2Y8FL748PL;
				INFOPLIST_FILE = yinjiTests/Info.plist;
				LD_RUNPATH_SEARCH_PATHS = "$(inherited) @executable_path/Frameworks @loader_path/Frameworks";
				PRODUCT_BUNDLE_IDENTIFIER = lufei.yinjiTests;
				PRODUCT_NAME = "$(TARGET_NAME)";
				SWIFT_VERSION = 3.0;
				TEST_HOST = "$(BUILT_PRODUCTS_DIR)/yinji.app/yinji";
			};
			name = Debug;
		};
		1F3B70EA1ECAEFEC00913A41 /* Release */ = {
			isa = XCBuildConfiguration;
			baseConfigurationReference = BFD449B200D0E75296DCC0DA /* Pods-yinjiTests.release.xcconfig */;
			buildSettings = {
				ALWAYS_EMBED_SWIFT_STANDARD_LIBRARIES = YES;
				BUNDLE_LOADER = "$(TEST_HOST)";
				DEVELOPMENT_TEAM = 2Y8FL748PL;
				INFOPLIST_FILE = yinjiTests/Info.plist;
				LD_RUNPATH_SEARCH_PATHS = "$(inherited) @executable_path/Frameworks @loader_path/Frameworks";
				PRODUCT_BUNDLE_IDENTIFIER = lufei.yinjiTests;
				PRODUCT_NAME = "$(TARGET_NAME)";
				SWIFT_VERSION = 3.0;
				TEST_HOST = "$(BUILT_PRODUCTS_DIR)/yinji.app/yinji";
			};
			name = Release;
		};
		1F3B70EC1ECAEFEC00913A41 /* Debug */ = {
			isa = XCBuildConfiguration;
			baseConfigurationReference = 1AB78EBF2B637DD4CEEFCD6C /* Pods-yinjiUITests.debug.xcconfig */;
			buildSettings = {
				ALWAYS_EMBED_SWIFT_STANDARD_LIBRARIES = YES;
				DEVELOPMENT_TEAM = 2Y8FL748PL;
				INFOPLIST_FILE = yinjiUITests/Info.plist;
				LD_RUNPATH_SEARCH_PATHS = "$(inherited) @executable_path/Frameworks @loader_path/Frameworks";
				PRODUCT_BUNDLE_IDENTIFIER = lufei.yinjiUITests;
				PRODUCT_NAME = "$(TARGET_NAME)";
				SWIFT_VERSION = 3.0;
				TEST_TARGET_NAME = yinji;
			};
			name = Debug;
		};
		1F3B70ED1ECAEFEC00913A41 /* Release */ = {
			isa = XCBuildConfiguration;
			baseConfigurationReference = C145332EBCCBDED0182F5695 /* Pods-yinjiUITests.release.xcconfig */;
			buildSettings = {
				ALWAYS_EMBED_SWIFT_STANDARD_LIBRARIES = YES;
				DEVELOPMENT_TEAM = 2Y8FL748PL;
				INFOPLIST_FILE = yinjiUITests/Info.plist;
				LD_RUNPATH_SEARCH_PATHS = "$(inherited) @executable_path/Frameworks @loader_path/Frameworks";
				PRODUCT_BUNDLE_IDENTIFIER = lufei.yinjiUITests;
				PRODUCT_NAME = "$(TARGET_NAME)";
				SWIFT_VERSION = 3.0;
				TEST_TARGET_NAME = yinji;
			};
			name = Release;
		};
/* End XCBuildConfiguration section */

/* Begin XCConfigurationList section */
		1F3B70B81ECAEFEC00913A41 /* Build configuration list for PBXProject "yinji" */ = {
			isa = XCConfigurationList;
			buildConfigurations = (
				1F3B70E31ECAEFEC00913A41 /* Debug */,
				1F3B70E41ECAEFEC00913A41 /* Release */,
			);
			defaultConfigurationIsVisible = 0;
			defaultConfigurationName = Release;
		};
		1F3B70E51ECAEFEC00913A41 /* Build configuration list for PBXNativeTarget "yinji" */ = {
			isa = XCConfigurationList;
			buildConfigurations = (
				1F3B70E61ECAEFEC00913A41 /* Debug */,
				1F3B70E71ECAEFEC00913A41 /* Release */,
			);
			defaultConfigurationIsVisible = 0;
			defaultConfigurationName = Release;
		};
		1F3B70E81ECAEFEC00913A41 /* Build configuration list for PBXNativeTarget "yinjiTests" */ = {
			isa = XCConfigurationList;
			buildConfigurations = (
				1F3B70E91ECAEFEC00913A41 /* Debug */,
				1F3B70EA1ECAEFEC00913A41 /* Release */,
			);
			defaultConfigurationIsVisible = 0;
			defaultConfigurationName = Release;
		};
		1F3B70EB1ECAEFEC00913A41 /* Build configuration list for PBXNativeTarget "yinjiUITests" */ = {
			isa = XCConfigurationList;
			buildConfigurations = (
				1F3B70EC1ECAEFEC00913A41 /* Debug */,
				1F3B70ED1ECAEFEC00913A41 /* Release */,
			);
			defaultConfigurationIsVisible = 0;
			defaultConfigurationName = Release;
		};
/* End XCConfigurationList section */
	};
	rootObject = 1F3B70B51ECAEFEC00913A41 /* Project object */;
}
